
Microsoft Visual Studio Solution File, Format Version 12.00
# Visual Studio Version 17
VisualStudioVersion = 17.9.34714.143
MinimumVisualStudioVersion = 10.0.40219.1
Project("{FAE04EC0-301F-11D3-BF4B-00C04F79EFBC}") = "JogosInfantis", "JogosInfantis\JogosInfantis.csproj", "{D99CDBAD-B363-4A74-A3E7-F229E589EFDF}"
EndProject
Global
	GlobalSection(SolutionConfigurationPlatforms) = preSolution
		Debug|Any CPU = Debug|Any CPU
		Release|Any CPU = Release|Any CPU
	EndGlobalSection
	GlobalSection(ProjectConfigurationPlatforms) = postSolution
		{D99CDBAD-B363-4A74-A3E7-F229E589EFDF}.Debug|Any CPU.ActiveCfg = Debug|Any CPU
		{D99CDBAD-B363-4A74-A3E7-F229E589EFDF}.Debug|Any CPU.Build.0 = Debug|Any CPU
		{D99CDBAD-B363-4A74-A3E7-F229E589EFDF}.Debug|Any CPU.Deploy.0 = Debug|Any CPU
		{D99CDBAD-B363-4A74-A3E7-F229E589EFDF}.Release|Any CPU.ActiveCfg = Release|Any CPU
		{D99CDBAD-B363-4A74-A3E7-F229E589EFDF}.Release|Any CPU.Build.0 = Release|Any CPU
		{D99CDBAD-B363-4A74-A3E7-F229E589EFDF}.Release|Any CPU.Deploy.0 = Release|Any CPU
	EndGlobalSection
	GlobalSection(SolutionProperties) = preSolution
		HideSolutionNode = FALSE
	EndGlobalSection
	GlobalSection(ExtensibilityGlobals) = postSolution
		SolutionGuid = {68046A9F-790C-41CD-B38C-E02FEC068345}
	EndGlobalSection
EndGlobal
