
Microsoft Visual Studio Solution File, Format Version 12.00
# Visual Studio Version 17
VisualStudioVersion = 17.9.34714.143
MinimumVisualStudioVersion = 10.0.40219.1
Project("{FAE04EC0-301F-11D3-BF4B-00C04F79EFBC}") = "MauiTarefas", "MauiTarefas\MauiTarefas.csproj", "{F3CF0E73-4C63-42B4-B57E-B200550C3BA3}"
EndProject
Global
	GlobalSection(SolutionConfigurationPlatforms) = preSolution
		Debug|Any CPU = Debug|Any CPU
		Release|Any CPU = Release|Any CPU
	EndGlobalSection
	GlobalSection(ProjectConfigurationPlatforms) = postSolution
		{F3CF0E73-4C63-42B4-B57E-B200550C3BA3}.Debug|Any CPU.ActiveCfg = Debug|Any CPU
		{F3CF0E73-4C63-42B4-B57E-B200550C3BA3}.Debug|Any CPU.Build.0 = Debug|Any CPU
		{F3CF0E73-4C63-42B4-B57E-B200550C3BA3}.Debug|Any CPU.Deploy.0 = Debug|Any CPU
		{F3CF0E73-4C63-42B4-B57E-B200550C3BA3}.Release|Any CPU.ActiveCfg = Release|Any CPU
		{F3CF0E73-4C63-42B4-B57E-B200550C3BA3}.Release|Any CPU.Build.0 = Release|Any CPU
		{F3CF0E73-4C63-42B4-B57E-B200550C3BA3}.Release|Any CPU.Deploy.0 = Release|Any CPU
	EndGlobalSection
	GlobalSection(SolutionProperties) = preSolution
		HideSolutionNode = FALSE
	EndGlobalSection
	GlobalSection(ExtensibilityGlobals) = postSolution
		SolutionGuid = {7E7D0FA6-F1F7-4ACE-ABF2-BF4A8E0B4CDD}
	EndGlobalSection
EndGlobal
